
Microsoft Visual Studio Solution File, Format Version 12.00
# Visual Studio Version 17
VisualStudioVersion = 17.7.34003.232
MinimumVisualStudioVersion = 10.0.40219.1
Project("{FAE04EC0-301F-11D3-BF4B-00C04F79EFBC}") = "Meal-Planner-Api", "Meal-Planner-Api\Meal-Planner-Api.csproj", "{2B1A004F-E173-48B7-91CA-E9E5263460D9}"
EndProject
Global
	GlobalSection(SolutionConfigurationPlatforms) = preSolution
		Debug|Any CPU = Debug|Any CPU
		Release|Any CPU = Release|Any CPU
	EndGlobalSection
	GlobalSection(ProjectConfigurationPlatforms) = postSolution
		{2B1A004F-E173-48B7-91CA-E9E5263460D9}.Debug|Any CPU.ActiveCfg = Debug|Any CPU
		{2B1A004F-E173-48B7-91CA-E9E5263460D9}.Debug|Any CPU.Build.0 = Debug|Any CPU
		{2B1A004F-E173-48B7-91CA-E9E5263460D9}.Release|Any CPU.ActiveCfg = Release|Any CPU
		{2B1A004F-E173-48B7-91CA-E9E5263460D9}.Release|Any CPU.Build.0 = Release|Any CPU
	EndGlobalSection
	GlobalSection(SolutionProperties) = preSolution
		HideSolutionNode = FALSE
	EndGlobalSection
	GlobalSection(ExtensibilityGlobals) = postSolution
		SolutionGuid = {AC928B4E-99B6-453F-A97E-5B60E95B03FB}
	EndGlobalSection
EndGlobal
